# THIS IS AN AUTOGENERATED FILE. DO NOT EDIT THIS FILE DIRECTLY.
# yarn lockfile v1


"@prisma/client@^4.3.0":
  version "4.3.0"
  resolved "https://registry.yarnpkg.com/@prisma/client/-/client-4.3.0.tgz#147e7d7d4f390af4810e672c11ea6a7ca72b0696"
  integrity sha512-xCjLAOIOqVdjD+UZbUwx5dFocUmdsrMQFe0jXUswTUgc76NOQVh0L7Z+FCkNCVVZ9RSBfEFX22061Sa02OuPAQ==
  dependencies:
    "@prisma/engines-version" "4.3.0-32.c875e43600dfe042452e0b868f7a48b817b9640b"

"@prisma/engines-version@4.3.0-32.c875e43600dfe042452e0b868f7a48b817b9640b":
  version "4.3.0-32.c875e43600dfe042452e0b868f7a48b817b9640b"
  resolved "https://registry.yarnpkg.com/@prisma/engines-version/-/engines-version-4.3.0-32.c875e43600dfe042452e0b868f7a48b817b9640b.tgz#a564dd6fb6f25405fe06164989ebd8a1e4bb3508"
  integrity sha512-8yWpXkQRmiSfsi2Wb/ZS5D3RFbeu/btL9Pm/gdF4phB0Lo5KGsDFMxFMgaD64mwED2nHc8ZaEJg/+4Jymb9Znw==

"@prisma/engines@4.3.0":
  version "4.3.0"
  resolved "https://registry.yarnpkg.com/@prisma/engines/-/engines-4.3.0.tgz#097784f5d044d4a364652420d3c4d6d4c0baa909"
  integrity sha512-JAyU7+QEpLkVtgVMYBSPQt9sUcgFqA/MdD4mK7yx+ZyDfHQlP+nT1rmqFPZ3MofR0mAha7nr3rx0ZNN46gLp9Q==

"@types/node@^18.7.14":
  version "18.7.14"
  resolved "https://registry.yarnpkg.com/@types/node/-/node-18.7.14.tgz#0fe081752a3333392d00586d815485a17c2cf3c9"
  integrity sha512-6bbDaETVi8oyIARulOE9qF1/Qdi/23z6emrUh0fNJRUmjznqrixD4MpGDdgOFk5Xb0m2H6Xu42JGdvAxaJR/wA==

prisma@^4.3.0:
  version "4.3.0"
  resolved "https://registry.yarnpkg.com/prisma/-/prisma-4.3.0.tgz#2c989be1bc6298f28bb4db40521dabec46e7a388"
  integrity sha512-Ii588H5IsbSun5BwpNQwrayrHKecFEZ6wDoJ7nr2IsqlMblmkA1dextGBObsG9tg+aIVhTrNa7OAbhbvEfqhdQ==
  dependencies:
    "@prisma/engines" "4.3.0"

typescript@^4.8.2:
  version "4.8.2"
  resolved "https://registry.yarnpkg.com/typescript/-/typescript-4.8.2.tgz#e3b33d5ccfb5914e4eeab6699cf208adee3fd790"
  integrity sha512-C0I1UsrrDHo2fYI5oaCGbSejwX4ch+9Y5jTQELvovfmFkK3HHSZJB8MSJcWLmCUBzQBchCrZ9rMRV6GuNrvGtw==
