# THIS IS AN AUTOGENERATED FILE. DO NOT EDIT THIS FILE DIRECTLY.
# yarn lockfile v1


"@prisma/client@^4.16.2":
  version "4.16.2"
  resolved "https://registry.yarnpkg.com/@prisma/client/-/client-4.16.2.tgz#3bb9ebd49b35c8236b3d468d0215192267016e2b"
  integrity sha512-qCoEyxv1ZrQ4bKy39GnylE8Zq31IRmm8bNhNbZx7bF2cU5aiCCnSa93J2imF88MBjn7J9eUQneNxUQVJdl/rPQ==
  dependencies:
    "@prisma/engines-version" "4.16.1-1.4bc8b6e1b66cb932731fb1bdbbc550d1e010de81"

"@prisma/engines-version@4.16.1-1.4bc8b6e1b66cb932731fb1bdbbc550d1e010de81":
  version "4.16.1-1.4bc8b6e1b66cb932731fb1bdbbc550d1e010de81"
  resolved "https://registry.yarnpkg.com/@prisma/engines-version/-/engines-version-4.16.1-1.4bc8b6e1b66cb932731fb1bdbbc550d1e010de81.tgz#d3b5dcf95b6d220e258cbf6ae19b06d30a7e9f14"
  integrity sha512-q617EUWfRIDTriWADZ4YiWRZXCa/WuhNgLTVd+HqWLffjMSPzyM5uOWoauX91wvQClSKZU4pzI4JJLQ9Kl62Qg==

"@prisma/engines@4.3.0":
  version "4.3.0"
  resolved "https://registry.yarnpkg.com/@prisma/engines/-/engines-4.3.0.tgz#097784f5d044d4a364652420d3c4d6d4c0baa909"
  integrity sha512-JAyU7+QEpLkVtgVMYBSPQt9sUcgFqA/MdD4mK7yx+ZyDfHQlP+nT1rmqFPZ3MofR0mAha7nr3rx0ZNN46gLp9Q==

"@types/node@^18.7.14":
  version "18.7.14"
  resolved "https://registry.yarnpkg.com/@types/node/-/node-18.7.14.tgz#0fe081752a3333392d00586d815485a17c2cf3c9"
  integrity sha512-6bbDaETVi8oyIARulOE9qF1/Qdi/23z6emrUh0fNJRUmjznqrixD4MpGDdgOFk5Xb0m2H6Xu42JGdvAxaJR/wA==

prisma@^4.3.0:
  version "4.3.0"
  resolved "https://registry.yarnpkg.com/prisma/-/prisma-4.3.0.tgz#2c989be1bc6298f28bb4db40521dabec46e7a388"
  integrity sha512-Ii588H5IsbSun5BwpNQwrayrHKecFEZ6wDoJ7nr2IsqlMblmkA1dextGBObsG9tg+aIVhTrNa7OAbhbvEfqhdQ==
  dependencies:
    "@prisma/engines" "4.3.0"

typescript@^4.8.2:
  version "4.8.2"
  resolved "https://registry.yarnpkg.com/typescript/-/typescript-4.8.2.tgz#e3b33d5ccfb5914e4eeab6699cf208adee3fd790"
  integrity sha512-C0I1UsrrDHo2fYI5oaCGbSejwX4ch+9Y5jTQELvovfmFkK3HHSZJB8MSJcWLmCUBzQBchCrZ9rMRV6GuNrvGtw==
